// !$*UTF8*$!
{
	archiveVersion = 1;
	classes = {
	};
	objectVersion = 70;
	objects = {

/* Begin PBXBuildFile section */
		0AF99833302F1923001D832C /* best-3.mlpackage in Resources */ = {isa = PBXBuildFile; fileRef = 0AF99832302F1923001D832C /* best-3.mlpackage */; };
		17EEFEABA0B94E61BA799EE9 /* master_yi.json in Resources */ = {isa = PBXBuildFile; fileRef = 4BAA057A479749368EAEF496 /* master_yi.json */; };
		1DE850A028A146EF8CD2965A /* garen.json in Resources */ = {isa = PBXBuildFile; fileRef = 9840E86F98974947AB667FE5 /* garen.json */; };
		25860385D3B34D4BAFFA269F /* RiftboundVisionAppApp.swift in Sources */ = {isa = PBXBuildFile; fileRef = 8139118751494CA29BC83F55 /* RiftboundVisionAppApp.swift */; };
		28BBE6A41DF542389F12D127 /* RiftboundVision in Frameworks */ = {isa = PBXBuildFile; productRef = BAF983D8D87248D98042BA4D /* RiftboundVision */; };
		3017319CBC1F45C2A4AAC042 /* ScoreTracker.swift in Sources */ = {isa = PBXBuildFile; fileRef = 251D5F4F0E7D46AA9AA7C612 /* ScoreTracker.swift */; };
		40EB822647F14E35A612999A /* annie.json in Resources */ = {isa = PBXBuildFile; fileRef = 40BF4C5F514846A583323984 /* annie.json */; };
		4383CFBB6B584A16B8AE027F /* ContentView.swift in Sources */ = {isa = PBXBuildFile; fileRef = A67FDE6B5FD54571BA3EE059 /* ContentView.swift */; };
		60C3BF9F45FE4D8AA0EFFCE3 /* InstructionLogEntry.swift in Sources */ = {isa = PBXBuildFile; fileRef = 3C45530B07994053A3EEE88E /* InstructionLogEntry.swift */; };
		627F18754982492DAC803B7F /* CardDatabaseLoader.swift in Sources */ = {isa = PBXBuildFile; fileRef = 3331D3BCD484492BA4DC4050 /* CardDatabaseLoader.swift */; };
		690BCB3309B5473291FEE083 /* PipelineSettingsView.swift in Sources */ = {isa = PBXBuildFile; fileRef = ED891118FA894EA18345F333 /* PipelineSettingsView.swift */; };
		6DE85F0742A246E596717150 /* CameraPipelineController.swift in Sources */ = {isa = PBXBuildFile; fileRef = 38DB5B31D91340FBAFB23CD8 /* CameraPipelineController.swift */; };
		71EB87BDA66944C493D04B22 /* best-2.mlpackage in Resources */ = {isa = PBXBuildFile; fileRef = C80542A83A3C4765A9F7868D /* best-2.mlpackage */; };
		76DA6F984DFB4D99A0C5E470 /* CardDetailView.swift in Sources */ = {isa = PBXBuildFile; fileRef = 880B3B2F2F93462E90B88A3A /* CardDetailView.swift */; };
		93F14F27D8F144288BE9E603 /* GameStateBar.swift in Sources */ = {isa = PBXBuildFile; fileRef = 3055869C4ECE495FA5A42260 /* GameStateBar.swift */; };
		A85A01502EB54B35B708A490 /* DetectedCardsPanel.swift in Sources */ = {isa = PBXBuildFile; fileRef = B2DBD986D1FC492CA4B260E1 /* DetectedCardsPanel.swift */; };
		AEAAA284B54A4B9493BD0940 /* lux.json in Resources */ = {isa = PBXBuildFile; fileRef = 27536C6BCCE545FA95F26D33 /* lux.json */; };
		C23F1F80285A40E1A5E4C4E1 /* TurnControlBar.swift in Sources */ = {isa = PBXBuildFile; fileRef = 24E64947F63B40999CFAA66D /* TurnControlBar.swift */; };
		C3AA581B11C8447994662CBF /* BoardStatePersistence.swift in Sources */ = {isa = PBXBuildFile; fileRef = 7D03C84279184306BBF0AC83 /* BoardStatePersistence.swift */; };
		C427EAAA0BF04C90A9681A5E /* CardDetectionModelLoader.swift in Sources */ = {isa = PBXBuildFile; fileRef = C3B1739578D24342BFE1DCA0 /* CardDetectionModelLoader.swift */; };
		C65BD2D963D14E48BD280043 /* best.mlpackage in Resources */ = {isa = PBXBuildFile; fileRef = DBF6C0B24D384E309B541FB3 /* best.mlpackage */; };
		CCCC6491D5C14229AAC7452C /* Assets.xcassets in Resources */ = {isa = PBXBuildFile; fileRef = D88B8B2034A14CA4A0D53DCE /* Assets.xcassets */; };
		E16FF14ECC8F4448823BFD1F /* RiftboundExpertSystem in Frameworks */ = {isa = PBXBuildFile; productRef = 1A78B4275C9F40C0A74AFCE8 /* RiftboundExpertSystem */; };
		E9DDFFDCB8224BC3BC9ED19C /* RiftboundTextProcessing in Frameworks */ = {isa = PBXBuildFile; productRef = C060F6247F344B33BA6FE317 /* RiftboundTextProcessing */; };
		FB1E6BC3244E442BAF1B7766 /* GameSessionBuilder.swift in Sources */ = {isa = PBXBuildFile; fileRef = 72026DCCA9ED4F599499A115 /* GameSessionBuilder.swift */; };
/* End PBXBuildFile section */

/* Begin PBXFileReference section */
		0AF99832302F1923001D832C /* best-3.mlpackage */ = {isa = PBXFileReference; lastKnownFileType = folder.mlpackage; path = "best-3.mlpackage"; sourceTree = "<group>"; };
		24E64947F63B40999CFAA66D /* TurnControlBar.swift */ = {isa = PBXFileReference; lastKnownFileType = sourcecode.swift; path = TurnControlBar.swift; sourceTree = "<group>"; };
		251D5F4F0E7D46AA9AA7C612 /* ScoreTracker.swift */ = {isa = PBXFileReference; lastKnownFileType = sourcecode.swift; path = ScoreTracker.swift; sourceTree = "<group>"; };
		27536C6BCCE545FA95F26D33 /* lux.json */ = {isa = PBXFileReference; lastKnownFileType = text.json; path = lux.json; sourceTree = "<group>"; };
		3055869C4ECE495FA5A42260 /* GameStateBar.swift */ = {isa = PBXFileReference; lastKnownFileType = sourcecode.swift; path = GameStateBar.swift; sourceTree = "<group>"; };
		3331D3BCD484492BA4DC4050 /* CardDatabaseLoader.swift */ = {isa = PBXFileReference; lastKnownFileType = sourcecode.swift; path = CardDatabaseLoader.swift; sourceTree = "<group>"; };
		38DB5B31D91340FBAFB23CD8 /* CameraPipelineController.swift */ = {isa = PBXFileReference; lastKnownFileType = sourcecode.swift; path = CameraPipelineController.swift; sourceTree = "<group>"; };
		3C45530B07994053A3EEE88E /* InstructionLogEntry.swift */ = {isa = PBXFileReference; lastKnownFileType = sourcecode.swift; path = InstructionLogEntry.swift; sourceTree = "<group>"; };
		40BF4C5F514846A583323984 /* annie.json */ = {isa = PBXFileReference; lastKnownFileType = text.json; path = annie.json; sourceTree = "<group>"; };
		4BAA057A479749368EAEF496 /* master_yi.json */ = {isa = PBXFileReference; lastKnownFileType = text.json; path = master_yi.json; sourceTree = "<group>"; };
		72026DCCA9ED4F599499A115 /* GameSessionBuilder.swift */ = {isa = PBXFileReference; lastKnownFileType = sourcecode.swift; path = GameSessionBuilder.swift; sourceTree = "<group>"; };
		76363767637E4BB6B3E788C4 /* Info.plist */ = {isa = PBXFileReference; lastKnownFileType = text.plist.xml; path = Info.plist; sourceTree = "<group>"; };
		7D03C84279184306BBF0AC83 /* BoardStatePersistence.swift */ = {isa = PBXFileReference; lastKnownFileType = sourcecode.swift; path = BoardStatePersistence.swift; sourceTree = "<group>"; };
		8139118751494CA29BC83F55 /* RiftboundVisionAppApp.swift */ = {isa = PBXFileReference; lastKnownFileType = sourcecode.swift; path = RiftboundVisionAppApp.swift; sourceTree = "<group>"; };
		880B3B2F2F93462E90B88A3A /* CardDetailView.swift */ = {isa = PBXFileReference; lastKnownFileType = sourcecode.swift; path = CardDetailView.swift; sourceTree = "<group>"; };
		9840E86F98974947AB667FE5 /* garen.json */ = {isa = PBXFileReference; lastKnownFileType = text.json; path = garen.json; sourceTree = "<group>"; };
		A67FDE6B5FD54571BA3EE059 /* ContentView.swift */ = {isa = PBXFileReference; lastKnownFileType = sourcecode.swift; path = ContentView.swift; sourceTree = "<group>"; };
		B2DBD986D1FC492CA4B260E1 /* DetectedCardsPanel.swift */ = {isa = PBXFileReference; lastKnownFileType = sourcecode.swift; path = DetectedCardsPanel.swift; sourceTree = "<group>"; };
		C3B1739578D24342BFE1DCA0 /* CardDetectionModelLoader.swift */ = {isa = PBXFileReference; lastKnownFileType = sourcecode.swift; path = CardDetectionModelLoader.swift; sourceTree = "<group>"; };
		C80542A83A3C4765A9F7868D /* best-2.mlpackage */ = {isa = PBXFileReference; lastKnownFileType = folder.mlpackage; path = "best-2.mlpackage"; sourceTree = "<group>"; };
		D88B8B2034A14CA4A0D53DCE /* Assets.xcassets */ = {isa = PBXFileReference; lastKnownFileType = folder.assetcatalog; path = Assets.xcassets; sourceTree = "<group>"; };
		DBF6C0B24D384E309B541FB3 /* best.mlpackage */ = {isa = PBXFileReference; lastKnownFileType = folder.mlpackage; path = best.mlpackage; sourceTree = "<group>"; };
		ED891118FA894EA18345F333 /* PipelineSettingsView.swift */ = {isa = PBXFileReference; lastKnownFileType = sourcecode.swift; path = PipelineSettingsView.swift; sourceTree = "<group>"; };
		FF5C8EB31C364F5AAD701BF1 /* RiftboundVisionApp.app */ = {isa = PBXFileReference; explicitFileType = wrapper.application; includeInIndex = 0; path = RiftboundVisionApp.app; sourceTree = BUILT_PRODUCTS_DIR; };
/* End PBXFileReference section */

/* Begin PBXFileSystemSynchronizedRootGroup section */
		974B0F3E302C4C9F006D11B9 /* DataModel */ = {isa = PBXFileSystemSynchronizedRootGroup; explicitFileTypes = {}; explicitFolders = (); path = DataModel; sourceTree = "<group>"; };
/* End PBXFileSystemSynchronizedRootGroup section */

/* Begin PBXFrameworksBuildPhase section */
		EF4B7FFBC02B449CB61D4FF8 /* Frameworks */ = {
			isa = PBXFrameworksBuildPhase;
			buildActionMask = 2147483647;
			files = (
				28BBE6A41DF542389F12D127 /* RiftboundVision in Frameworks */,
				E16FF14ECC8F4448823BFD1F /* RiftboundExpertSystem in Frameworks */,
				E9DDFFDCB8224BC3BC9ED19C /* RiftboundTextProcessing in Frameworks */,
			);
			runOnlyForDeploymentPostprocessing = 0;
		};
/* End PBXFrameworksBuildPhase section */

/* Begin PBXGroup section */
		18AB5BDAA1ED4654B855CAA4 = {
			isa = PBXGroup;
			children = (
				86DD048489FD4C61AC3CCD3E /* RiftboundVisionApp */,
				82F90C7A49424A50982483D6 /* Products */,
			);
			sourceTree = "<group>";
		};
		534CBAAC54BE40A0A8292534 /* CardDetectionModel */ = {
			isa = PBXGroup;
			children = (
				DBF6C0B24D384E309B541FB3 /* best.mlpackage */,
				C80542A83A3C4765A9F7868D /* best-2.mlpackage */,
				0AF99832302F1923001D832C /* best-3.mlpackage */,
			);
			path = CardDetectionModel;
			sourceTree = "<group>";
		};
		82F90C7A49424A50982483D6 /* Products */ = {
			isa = PBXGroup;
			children = (
				FF5C8EB31C364F5AAD701BF1 /* RiftboundVisionApp.app */,
			);
			name = Products;
			sourceTree = "<group>";
		};
		86DD048489FD4C61AC3CCD3E /* RiftboundVisionApp */ = {
			isa = PBXGroup;
			children = (
				974B0F3E302C4C9F006D11B9 /* DataModel */,
				8139118751494CA29BC83F55 /* RiftboundVisionAppApp.swift */,
				A67FDE6B5FD54571BA3EE059 /* ContentView.swift */,
				38DB5B31D91340FBAFB23CD8 /* CameraPipelineController.swift */,
				3331D3BCD484492BA4DC4050 /* CardDatabaseLoader.swift */,
				C3B1739578D24342BFE1DCA0 /* CardDetectionModelLoader.swift */,
				D88B8B2034A14CA4A0D53DCE /* Assets.xcassets */,
				3055869C4ECE495FA5A42260 /* GameStateBar.swift */,
				24E64947F63B40999CFAA66D /* TurnControlBar.swift */,
				7D03C84279184306BBF0AC83 /* BoardStatePersistence.swift */,
				ED891118FA894EA18345F333 /* PipelineSettingsView.swift */,
				251D5F4F0E7D46AA9AA7C612 /* ScoreTracker.swift */,
				72026DCCA9ED4F599499A115 /* GameSessionBuilder.swift */,
				3C45530B07994053A3EEE88E /* InstructionLogEntry.swift */,
				880B3B2F2F93462E90B88A3A /* CardDetailView.swift */,
				B2DBD986D1FC492CA4B260E1 /* DetectedCardsPanel.swift */,
				91954CFFD8744AD891AB10D4 /* CardData */,
				E30AC5E6649148CCA7C653DA /* Resources */,
				76363767637E4BB6B3E788C4 /* Info.plist */,
			);
			path = RiftboundVisionApp;
			sourceTree = "<group>";
		};
		91954CFFD8744AD891AB10D4 /* CardData */ = {
			isa = PBXGroup;
			children = (
				40BF4C5F514846A583323984 /* annie.json */,
				27536C6BCCE545FA95F26D33 /* lux.json */,
				9840E86F98974947AB667FE5 /* garen.json */,
				4BAA057A479749368EAEF496 /* master_yi.json */,
			);
			path = CardData;
			sourceTree = "<group>";
		};
		E30AC5E6649148CCA7C653DA /* Resources */ = {
			isa = PBXGroup;
			children = (
				534CBAAC54BE40A0A8292534 /* CardDetectionModel */,
			);
			path = Resources;
			sourceTree = "<group>";
		};
/* End PBXGroup section */

/* Begin PBXNativeTarget section */
		7C9AFD0BE8454FB0914D3E92 /* RiftboundVisionApp */ = {
			isa = PBXNativeTarget;
			buildConfigurationList = 733B175B6A3847B8AF7956B3 /* Build configuration list for PBXNativeTarget "RiftboundVisionApp" */;
			buildPhases = (
				38881DF111A046FA9410698A /* Sources */,
				EF4B7FFBC02B449CB61D4FF8 /* Frameworks */,
				856BD6A83D464E3E9BD586B3 /* Resources */,
			);
			buildRules = (
			);
			dependencies = (
			);
			fileSystemSynchronizedGroups = (
				974B0F3E302C4C9F006D11B9 /* DataModel */,
			);
			name = RiftboundVisionApp;
			packageProductDependencies = (
				BAF983D8D87248D98042BA4D /* RiftboundVision */,
				1A78B4275C9F40C0A74AFCE8 /* RiftboundExpertSystem */,
				C060F6247F344B33BA6FE317 /* RiftboundTextProcessing */,
			);
			productName = RiftboundVisionApp;
			productReference = FF5C8EB31C364F5AAD701BF1 /* RiftboundVisionApp.app */;
			productType = "com.apple.product-type.application";
		};
/* End PBXNativeTarget section */

/* Begin PBXProject section */
		C91996D065F948C7A6229CA8 /* Project object */ = {
			isa = PBXProject;
			attributes = {
				BuildIndependentTargetsInParallel = 1;
				LastSwiftUpdateCheck = 1620;
				LastUpgradeCheck = 1620;
				TargetAttributes = {
					7C9AFD0BE8454FB0914D3E92 = {
						CreatedOnToolsVersion = 16.2;
					};
				};
			};
			buildConfigurationList = 8F66E10C8CC94765B08CD136 /* Build configuration list for PBXProject "RiftboundVisionApp" */;
			compatibilityVersion = "Xcode 14.0";
			developmentRegion = en;
			hasScannedForEncodings = 0;
			knownRegions = (
				en,
				Base,
			);
			mainGroup = 18AB5BDAA1ED4654B855CAA4;
			packageReferences = (
				EE3AAEDB0AA54C708EABCD87 /* XCLocalSwiftPackageReference "../RiftboundVision" */,
				6311E7571EEB4993B3A46B78 /* XCLocalSwiftPackageReference "../RiftboundEngine" */,
				FF5B29316FF740BF9C8CDC6D /* XCLocalSwiftPackageReference "../RiftboundTextProcessing" */,
			);
			productRefGroup = 82F90C7A49424A50982483D6 /* Products */;
			projectDirPath = "";
			projectRoot = "";
			targets = (
				7C9AFD0BE8454FB0914D3E92 /* RiftboundVisionApp */,
			);
		};
/* End PBXProject section */

/* Begin PBXResourcesBuildPhase section */
		856BD6A83D464E3E9BD586B3 /* Resources */ = {
			isa = PBXResourcesBuildPhase;
			buildActionMask = 2147483647;
			files = (
				40EB822647F14E35A612999A /* annie.json in Resources */,
				AEAAA284B54A4B9493BD0940 /* lux.json in Resources */,
				1DE850A028A146EF8CD2965A /* garen.json in Resources */,
				17EEFEABA0B94E61BA799EE9 /* master_yi.json in Resources */,
				C65BD2D963D14E48BD280043 /* best.mlpackage in Resources */,
				71EB87BDA66944C493D04B22 /* best-2.mlpackage in Resources */,
				0AF99833302F1923001D832C /* best-3.mlpackage in Resources */,
				CCCC6491D5C14229AAC7452C /* Assets.xcassets in Resources */,
			);
			runOnlyForDeploymentPostprocessing = 0;
		};
/* End PBXResourcesBuildPhase section */

/* Begin PBXSourcesBuildPhase section */
		38881DF111A046FA9410698A /* Sources */ = {
			isa = PBXSourcesBuildPhase;
			buildActionMask = 2147483647;
			files = (
				25860385D3B34D4BAFFA269F /* RiftboundVisionAppApp.swift in Sources */,
				4383CFBB6B584A16B8AE027F /* ContentView.swift in Sources */,
				6DE85F0742A246E596717150 /* CameraPipelineController.swift in Sources */,
				627F18754982492DAC803B7F /* CardDatabaseLoader.swift in Sources */,
				C427EAAA0BF04C90A9681A5E /* CardDetectionModelLoader.swift in Sources */,
				93F14F27D8F144288BE9E603 /* GameStateBar.swift in Sources */,
				C23F1F80285A40E1A5E4C4E1 /* TurnControlBar.swift in Sources */,
				C3AA581B11C8447994662CBF /* BoardStatePersistence.swift in Sources */,
				690BCB3309B5473291FEE083 /* PipelineSettingsView.swift in Sources */,
				3017319CBC1F45C2A4AAC042 /* ScoreTracker.swift in Sources */,
				FB1E6BC3244E442BAF1B7766 /* GameSessionBuilder.swift in Sources */,
				60C3BF9F45FE4D8AA0EFFCE3 /* InstructionLogEntry.swift in Sources */,
				76DA6F984DFB4D99A0C5E470 /* CardDetailView.swift in Sources */,
				A85A01502EB54B35B708A490 /* DetectedCardsPanel.swift in Sources */,
			);
			runOnlyForDeploymentPostprocessing = 0;
		};
/* End PBXSourcesBuildPhase section */

/* Begin XCBuildConfiguration section */
		161CEC55EDE44BC28FBEF7E9 /* Debug */ = {
			isa = XCBuildConfiguration;
			buildSettings = {
				ALWAYS_SEARCH_USER_PATHS = NO;
				CLANG_ANALYZER_NONNULL = YES;
				CLANG_ANALYZER_NUMBER_OBJECT_CONVERSION = YES_AGGRESSIVE;
				CLANG_CXX_LANGUAGE_STANDARD = "gnu++20";
				CLANG_ENABLE_MODULES = YES;
				CLANG_ENABLE_OBJC_ARC = YES;
				CLANG_ENABLE_OBJC_WEAK = YES;
				CLANG_WARN_BLOCK_CAPTURE_AUTORELEASING = YES;
				CLANG_WARN_BOOL_CONVERSION = YES;
				CLANG_WARN_COMMA = YES;
				CLANG_WARN_CONSTANT_CONVERSION = YES;
				CLANG_WARN_DEPRECATED_OBJC_IMPLEMENTATIONS = YES;
				CLANG_WARN_DIRECT_OBJC_ISA_USAGE = YES_ERROR;
				CLANG_WARN_DOCUMENTATION_COMMENTS = YES;
				CLANG_WARN_EMPTY_BODY = YES;
				CLANG_WARN_ENUM_CONVERSION = YES;
				CLANG_WARN_INFINITE_RECURSION = YES;
				CLANG_WARN_INT_CONVERSION = YES;
				CLANG_WARN_NON_LITERAL_NULL_CONVERSION = YES;
				CLANG_WARN_OBJC_IMPLICIT_RETAIN_SELF = YES;
				CLANG_WARN_OBJC_LITERAL_CONVERSION = YES;
				CLANG_WARN_OBJC_ROOT_CLASS = YES_ERROR;
				CLANG_WARN_QUOTED_INCLUDE_IN_FRAMEWORK_HEADER = YES;
				CLANG_WARN_RANGE_LOOP_ANALYSIS = YES;
				CLANG_WARN_STRICT_PROTOTYPES = YES;
				CLANG_WARN_SUSPICIOUS_MOVE = YES;
				CLANG_WARN_UNGUARDED_AVAILABILITY = YES_AGGRESSIVE;
				CLANG_WARN_UNREACHABLE_CODE = YES;
				CLANG_WARN__DUPLICATE_METHOD_MATCH = YES;
				COPY_PHASE_STRIP = NO;
				DEBUG_INFORMATION_FORMAT = dwarf;
				ENABLE_STRICT_OBJC_MSGSEND = YES;
				ENABLE_TESTABILITY = YES;
				ENABLE_USER_SCRIPT_SANDBOXING = YES;
				GCC_C_LANGUAGE_STANDARD = gnu17;
				GCC_DYNAMIC_NO_PIC = NO;
				GCC_NO_COMMON_BLOCKS = YES;
				GCC_OPTIMIZATION_LEVEL = 0;
				GCC_PREPROCESSOR_DEFINITIONS = (
					"DEBUG=1",
					"$(inherited)",
				);
				GCC_WARN_64_TO_32_BIT_CONVERSION = YES;
				GCC_WARN_ABOUT_RETURN_TYPE = YES_ERROR;
				GCC_WARN_UNDECLARED_SELECTOR = YES;
				GCC_WARN_UNINITIALIZED_AUTOS = YES_AGGRESSIVE;
				GCC_WARN_UNUSED_FUNCTION = YES;
				GCC_WARN_UNUSED_VARIABLE = YES;
				MACOSX_DEPLOYMENT_TARGET = 14.0;
				MTL_ENABLE_DEBUG_INFO = INCLUDE_SOURCE;
				MTL_FAST_MATH = YES;
				ONLY_ACTIVE_ARCH = YES;
				SDKROOT = macosx;
				SWIFT_ACTIVE_COMPILATION_CONDITIONS = "DEBUG $(inherited)";
				SWIFT_OPTIMIZATION_LEVEL = "-Onone";
				SWIFT_VERSION = 6.0;
			};
			name = Debug;
		};
		21E955D5056A4D3CB9889597 /* Release */ = {
			isa = XCBuildConfiguration;
			buildSettings = {
				ASSETCATALOG_COMPILER_APPICON_NAME = "riftchamp icon";
				ASSETCATALOG_COMPILER_GENERATE_SWIFT_ASSET_SYMBOL_EXTENSIONS = YES;
				CODE_SIGN_ENTITLEMENTS = RiftboundVisionApp/RiftboundVisionApp.entitlements;
				CODE_SIGN_IDENTITY = "-";
				"CODE_SIGN_IDENTITY[sdk=macosx*]" = "Apple Development";
				CODE_SIGN_STYLE = Automatic;
				COMBINE_HIDPI_IMAGES = YES;
				CURRENT_PROJECT_VERSION = 1;
				DEVELOPMENT_TEAM = Q7PFUBX7QB;
				ENABLE_DEBUG_DYLIB = NO;
				ENABLE_HARDENED_RUNTIME = NO;
				ENABLE_PREVIEWS = YES;
				GENERATE_INFOPLIST_FILE = NO;
				INFOPLIST_FILE = RiftboundVisionApp/Info.plist;
				INFOPLIST_KEY_LSApplicationCategoryType = "public.app-category.utilities";
				LD_RUNPATH_SEARCH_PATHS = (
					"$(inherited)",
					"@executable_path/../Frameworks",
				);
				MACOSX_DEPLOYMENT_TARGET = 14.0;
				MARKETING_VERSION = 1.0;
				PRODUCT_BUNDLE_IDENTIFIER = com.riftbound.RiftboundVisionApp;
				PRODUCT_NAME = "$(TARGET_NAME)";
				SWIFT_EMIT_LOC_STRINGS = YES;
				SWIFT_VERSION = 6.0;
			};
			name = Release;
		};
		A0CDF38723024C0F99F4F274 /* Debug */ = {
			isa = XCBuildConfiguration;
			buildSettings = {
				ASSETCATALOG_COMPILER_APPICON_NAME = "riftchamp icon";
				ASSETCATALOG_COMPILER_GENERATE_SWIFT_ASSET_SYMBOL_EXTENSIONS = YES;
				CODE_SIGN_ENTITLEMENTS = RiftboundVisionApp/RiftboundVisionApp.entitlements;
				CODE_SIGN_IDENTITY = "-";
				"CODE_SIGN_IDENTITY[sdk=macosx*]" = "Apple Development";
				CODE_SIGN_STYLE = Automatic;
				COMBINE_HIDPI_IMAGES = YES;
				CURRENT_PROJECT_VERSION = 1;
				DEVELOPMENT_TEAM = Q7PFUBX7QB;
				ENABLE_DEBUG_DYLIB = NO;
				ENABLE_HARDENED_RUNTIME = NO;
				ENABLE_PREVIEWS = YES;
				GENERATE_INFOPLIST_FILE = NO;
				INFOPLIST_FILE = RiftboundVisionApp/Info.plist;
				INFOPLIST_KEY_LSApplicationCategoryType = "public.app-category.utilities";
				LD_RUNPATH_SEARCH_PATHS = (
					"$(inherited)",
					"@executable_path/../Frameworks",
				);
				MACOSX_DEPLOYMENT_TARGET = 14.0;
				MARKETING_VERSION = 1.0;
				PRODUCT_BUNDLE_IDENTIFIER = com.riftbound.RiftboundVisionApp;
				PRODUCT_NAME = "$(TARGET_NAME)";
				SWIFT_EMIT_LOC_STRINGS = YES;
				SWIFT_VERSION = 6.0;
			};
			name = Debug;
		};
		C64A8761F307405E85BF2F0B /* Release */ = {
			isa = XCBuildConfiguration;
			buildSettings = {
				ALWAYS_SEARCH_USER_PATHS = NO;
				CLANG_ANALYZER_NONNULL = YES;
				CLANG_ANALYZER_NUMBER_OBJECT_CONVERSION = YES_AGGRESSIVE;
				CLANG_CXX_LANGUAGE_STANDARD = "gnu++20";
				CLANG_ENABLE_MODULES = YES;
				CLANG_ENABLE_OBJC_ARC = YES;
				CLANG_ENABLE_OBJC_WEAK = YES;
				CLANG_WARN_BLOCK_CAPTURE_AUTORELEASING = YES;
				CLANG_WARN_BOOL_CONVERSION = YES;
				CLANG_WARN_COMMA = YES;
				CLANG_WARN_CONSTANT_CONVERSION = YES;
				CLANG_WARN_DEPRECATED_OBJC_IMPLEMENTATIONS = YES;
				CLANG_WARN_DIRECT_OBJC_ISA_USAGE = YES_ERROR;
				CLANG_WARN_DOCUMENTATION_COMMENTS = YES;
				CLANG_WARN_EMPTY_BODY = YES;
				CLANG_WARN_ENUM_CONVERSION = YES;
				CLANG_WARN_INFINITE_RECURSION = YES;
				CLANG_WARN_INT_CONVERSION = YES;
				CLANG_WARN_NON_LITERAL_NULL_CONVERSION = YES;
				CLANG_WARN_OBJC_IMPLICIT_RETAIN_SELF = YES;
				CLANG_WARN_OBJC_LITERAL_CONVERSION = YES;
				CLANG_WARN_OBJC_ROOT_CLASS = YES_ERROR;
				CLANG_WARN_QUOTED_INCLUDE_IN_FRAMEWORK_HEADER = YES;
				CLANG_WARN_RANGE_LOOP_ANALYSIS = YES;
				CLANG_WARN_STRICT_PROTOTYPES = YES;
				CLANG_WARN_SUSPICIOUS_MOVE = YES;
				CLANG_WARN_UNGUARDED_AVAILABILITY = YES_AGGRESSIVE;
				CLANG_WARN_UNREACHABLE_CODE = YES;
				CLANG_WARN__DUPLICATE_METHOD_MATCH = YES;
				COPY_PHASE_STRIP = NO;
				DEBUG_INFORMATION_FORMAT = "dwarf-with-dsym";
				ENABLE_NS_ASSERTIONS = NO;
				ENABLE_STRICT_OBJC_MSGSEND = YES;
				ENABLE_USER_SCRIPT_SANDBOXING = YES;
				GCC_C_LANGUAGE_STANDARD = gnu17;
				GCC_NO_COMMON_BLOCKS = YES;
				GCC_WARN_64_TO_32_BIT_CONVERSION = YES;
				GCC_WARN_ABOUT_RETURN_TYPE = YES_ERROR;
				GCC_WARN_UNDECLARED_SELECTOR = YES;
				GCC_WARN_UNINITIALIZED_AUTOS = YES_AGGRESSIVE;
				GCC_WARN_UNUSED_FUNCTION = YES;
				GCC_WARN_UNUSED_VARIABLE = YES;
				MACOSX_DEPLOYMENT_TARGET = 14.0;
				MTL_ENABLE_DEBUG_INFO = NO;
				MTL_FAST_MATH = YES;
				SDKROOT = macosx;
				SWIFT_COMPILATION_MODE = wholemodule;
				SWIFT_VERSION = 6.0;
			};
			name = Release;
		};
/* End XCBuildConfiguration section */

/* Begin XCConfigurationList section */
		733B175B6A3847B8AF7956B3 /* Build configuration list for PBXNativeTarget "RiftboundVisionApp" */ = {
			isa = XCConfigurationList;
			buildConfigurations = (
				A0CDF38723024C0F99F4F274 /* Debug */,
				21E955D5056A4D3CB9889597 /* Release */,
			);
			defaultConfigurationIsVisible = 0;
			defaultConfigurationName = Release;
		};
		8F66E10C8CC94765B08CD136 /* Build configuration list for PBXProject "RiftboundVisionApp" */ = {
			isa = XCConfigurationList;
			buildConfigurations = (
				161CEC55EDE44BC28FBEF7E9 /* Debug */,
				C64A8761F307405E85BF2F0B /* Release */,
			);
			defaultConfigurationIsVisible = 0;
			defaultConfigurationName = Release;
		};
/* End XCConfigurationList section */

/* Begin XCLocalSwiftPackageReference section */
		6311E7571EEB4993B3A46B78 /* XCLocalSwiftPackageReference "../RiftboundEngine" */ = {
			isa = XCLocalSwiftPackageReference;
			relativePath = ../RiftboundEngine;
		};
		EE3AAEDB0AA54C708EABCD87 /* XCLocalSwiftPackageReference "../RiftboundVision" */ = {
			isa = XCLocalSwiftPackageReference;
			relativePath = ../RiftboundVision;
		};
		FF5B29316FF740BF9C8CDC6D /* XCLocalSwiftPackageReference "../RiftboundTextProcessing" */ = {
			isa = XCLocalSwiftPackageReference;
			relativePath = ../RiftboundTextProcessing;
		};
/* End XCLocalSwiftPackageReference section */

/* Begin XCSwiftPackageProductDependency section */
		1A78B4275C9F40C0A74AFCE8 /* RiftboundExpertSystem */ = {
			isa = XCSwiftPackageProductDependency;
			productName = RiftboundExpertSystem;
		};
		BAF983D8D87248D98042BA4D /* RiftboundVision */ = {
			isa = XCSwiftPackageProductDependency;
			productName = RiftboundVision;
		};
		C060F6247F344B33BA6FE317 /* RiftboundTextProcessing */ = {
			isa = XCSwiftPackageProductDependency;
			package = FF5B29316FF740BF9C8CDC6D /* XCLocalSwiftPackageReference "../RiftboundTextProcessing" */;
			productName = RiftboundTextProcessing;
		};
/* End XCSwiftPackageProductDependency section */
	};
	rootObject = C91996D065F948C7A6229CA8 /* Project object */;
}
